# THIS IS AN AUTOGENERATED FILE. DO NOT EDIT THIS FILE DIRECTLY.
# yarn lockfile v1


"@babel/standalone@7.5.2":
  version "7.5.2"
  resolved "https://registry.yarnpkg.com/@babel/standalone/-/standalone-7.5.2.tgz#37b877e8a3b8bce075750204329d76182c9091c7"
  integrity sha512-wKasKpkItvoy0DwrSGs3PVzKK8t9rzb5S9QrtKCoI/9jLxLDRYWUdnPDFIEo6yy1LTqpVMMwb2I6tQK4hEi1cg==
