# THIS IS AN AUTOGENERATED FILE. DO NOT EDIT THIS FILE DIRECTLY.
# yarn lockfile v1


"@babel/standalone@7.4.5":
  version "7.4.5"
  resolved "https://registry.yarnpkg.com/@babel/standalone/-/standalone-7.4.5.tgz#60ded549756cf749eb6db0a54c21b4c48c7e18e5"
  integrity sha512-Ddjq6OS+NxpJdvMEMiKVU4BCg/2IOpbP+2JNM9ZY1HULxlZGTyNXKIqXHRqzV0N6e+51zmTwQg+c1Lfs44bBHg==
