# THIS IS AN AUTOGENERATED FILE. DO NOT EDIT THIS FILE DIRECTLY.
# yarn lockfile v1


"@babel/standalone@7.4.2":
  version "7.4.2"
  resolved "https://registry.yarnpkg.com/@babel/standalone/-/standalone-7.4.2.tgz#4929048447ac98d6652b524aef768c2e14b3eae8"
  integrity sha512-pXo5sMf6eF6jYFJ1NCISO2kY4kDuiEedYJDQ2uc1kx4sybEt5DNHtar25c2VlXgm0VedFZABsHeuP0EjXW79qg==
