# THIS IS AN AUTOGENERATED FILE. DO NOT EDIT THIS FILE DIRECTLY.
# yarn lockfile v1


"@babel/standalone@7.4.3":
  version "7.4.3"
  resolved "https://registry.yarnpkg.com/@babel/standalone/-/standalone-7.4.3.tgz#3b01c553feff68c7d15ba66a0d9675a2d6a5458b"
  integrity sha512-oxW+74VtlH+F6xY+Msubyh/2GJwgdKv9PBucMnVQoSorEGHKNAmubtPebpPhL3liS2hlDvH9qM9NZupS2LbcEQ==
