# THIS IS AN AUTOGENERATED FILE. DO NOT EDIT THIS FILE DIRECTLY.
# yarn lockfile v1


"@babel/standalone@7.2.3":
  version "7.2.3"
  resolved "https://registry.yarnpkg.com/@babel/standalone/-/standalone-7.2.3.tgz#01359eae39184934db0c7bd2d97aecd2dc0d6c38"
  integrity sha512-+4qKRF4h52qbXZCqXevKZXRB8JkJwo7pIlUKn+1pidpOeQ+5edwmVWgvgxJDTkv8oDOyIaRFSnwEdQln8G+AfQ==
