# THIS IS AN AUTOGENERATED FILE. DO NOT EDIT THIS FILE DIRECTLY.
# yarn lockfile v1


"@babel/standalone@7.6.4":
  version "7.6.4"
  resolved "https://registry.yarnpkg.com/@babel/standalone/-/standalone-7.6.4.tgz#10686768f27aa4ce4b5927b9791776738f6cb0e1"
  integrity sha512-ikqLCCQ3iSaRhkE1xgVc6+f49s+ZbMu8gvaW1VNJdKE+pQMAp+2CALy4rRKopaLfYWULvtfeKrs4suICO64/dg==
