# THIS IS AN AUTOGENERATED FILE. DO NOT EDIT THIS FILE DIRECTLY.
# yarn lockfile v1


"@babel/standalone@7.4.0":
  version "7.4.0"
  resolved "https://registry.yarnpkg.com/@babel/standalone/-/standalone-7.4.0.tgz#633e72397a26e90d32c625530c52f9e04c8323cf"
  integrity sha512-3tgk5jchKs7L/Fx6pFcv1CfKEHKCeXL+2QN9xLgYouEiKhN9L2/itLgcuArE4Wehi9qb17yLQ/o74A5HS8VniA==
