# THIS IS AN AUTOGENERATED FILE. DO NOT EDIT THIS FILE DIRECTLY.
# yarn lockfile v1


"@babel/standalone@7.7.5":
  version "7.7.5"
  resolved "https://registry.yarnpkg.com/@babel/standalone/-/standalone-7.7.5.tgz#59d0ea862a419483ccec44045001ad2517fff359"
  integrity sha512-DTUfpRWwNbFk0mBdXa+u8MGTpcNcScl9cUZyM+2Sjt/0RcOrH/dWMebn2hVF9bb6vp2VJYypB08/c2NhaKhLqA==
