# THIS IS AN AUTOGENERATED FILE. DO NOT EDIT THIS FILE DIRECTLY.
# yarn lockfile v1


"@babel/standalone@7.3.4":
  version "7.3.4"
  resolved "https://registry.yarnpkg.com/@babel/standalone/-/standalone-7.3.4.tgz#b622c1e522acef91b2a14f22bdcdd4f935a1a474"
  integrity sha512-4L9c5i4WlGqbrjOVX0Yp8TIR5cEiw1/tPYYZENW/iuO2uI6viY38U7zALidzNfGdZIwNc+A/AWqMEWKeScWkBg==
