# THIS IS AN AUTOGENERATED FILE. DO NOT EDIT THIS FILE DIRECTLY.
# yarn lockfile v1


"@babel/standalone@7.6.3":
  version "7.6.3"
  resolved "https://registry.yarnpkg.com/@babel/standalone/-/standalone-7.6.3.tgz#46354f42d581d5caf127ee1254cbef465d7dee12"
  integrity sha512-lc7H0lPT6rNUsKC0XFpZorEPzdG4myKVtc+ifkrlFOu8bXXd/3vF78Qxe5H3r/G8B65jUUzV0bFGpq7KkJcTmQ==
