# THIS IS AN AUTOGENERATED FILE. DO NOT EDIT THIS FILE DIRECTLY.
# yarn lockfile v1


"@babel/standalone@7.6.2":
  version "7.6.2"
  resolved "https://registry.yarnpkg.com/@babel/standalone/-/standalone-7.6.2.tgz#484fb4fc7b9cec3dfbb6c012f0c81340596adb09"
  integrity sha512-bfrGoJA6bHD3zJdTM8DANDKM2MjuhH7SLTeHuQMyfCn4VQgJlwe9MByqiTTKWZ1dAD0HrC7WDaL60WV+9HUXnQ==
