# THIS IS AN AUTOGENERATED FILE. DO NOT EDIT THIS FILE DIRECTLY.
# yarn lockfile v1


"@babel/standalone@7.2.5":
  version "7.2.5"
  resolved "https://registry.yarnpkg.com/@babel/standalone/-/standalone-7.2.5.tgz#7a6dd6761fc78853066e384a5e9ba0a1f7df2d11"
  integrity sha512-U00wHmbh0eCUCAsCN1cz/WS2aB/UXjQrALsUmVIcugiK3HiI4PEh93PeGsaJttBmj0+Zfp1SpUNxPl6s8KPHUQ==
