# THIS IS AN AUTOGENERATED FILE. DO NOT EDIT THIS FILE DIRECTLY.
# yarn lockfile v1


"@babel/standalone@7.2.0":
  version "7.2.0"
  resolved "https://registry.yarnpkg.com/@babel/standalone/-/standalone-7.2.0.tgz#77c078c23b9ce03adaeaa35572efcc95081d6edc"
  integrity sha512-NGkvXAF5dojN5XxvCsiYacj8egsC1chfSnyilInTffI1XCRvgJAwUewJbtEoWTCjuaW0YZVe9sYLREJ3HheHDw==
