# THIS IS AN AUTOGENERATED FILE. DO NOT EDIT THIS FILE DIRECTLY.
# yarn lockfile v1


"@babel/standalone@7.4.4":
  version "7.4.4"
  resolved "https://registry.yarnpkg.com/@babel/standalone/-/standalone-7.4.4.tgz#a40fbed37254e0a6dd55ea2db142c7b357fc4299"
  integrity sha512-b1iLEvcOK9SdG+howg7pcbUm9EaHFlZ4yMaj7/3vAz7eDfEnY0gb3o8BByBDCFueqAZyHSodj0AW+yVnK1+/qg==
