# THIS IS AN AUTOGENERATED FILE. DO NOT EDIT THIS FILE DIRECTLY.
# yarn lockfile v1


"@babel/standalone@7.5.5":
  version "7.5.5"
  resolved "https://registry.yarnpkg.com/@babel/standalone/-/standalone-7.5.5.tgz#9d3143f6078ff408db694a4254bd6f03c5c33962"
  integrity sha512-YIp5taErC4uvp4d5urJtWMui3cpvZt83x57l4oVJNvFtDzumf3pMgRmoTSpGuEzh1yzo7jHhg3mbQmMhmKPbjA==
