# THIS IS AN AUTOGENERATED FILE. DO NOT EDIT THIS FILE DIRECTLY.
# yarn lockfile v1


"@babel/standalone@7.7.4":
  version "7.7.4"
  resolved "https://registry.yarnpkg.com/@babel/standalone/-/standalone-7.7.4.tgz#9adcda4b7c33627c65eacf87f5c1f950987294c2"
  integrity sha512-7erMqY9K0uOsWERAJrKzOkG5BezlZw8s1Yez40PUJrf8XXPTebv/fO7555+5Hmo1kBiDQlf9FOkV6wc7wRQ19A==
