# THIS IS AN AUTOGENERATED FILE. DO NOT EDIT THIS FILE DIRECTLY.
# yarn lockfile v1


"@babel/standalone@7.2.4":
  version "7.2.4"
  resolved "https://registry.yarnpkg.com/@babel/standalone/-/standalone-7.2.4.tgz#639ca732f93f0df77706fb737190750e41931dbc"
  integrity sha512-GIUtAzqv2K0DLisP9S7vrhDp46GDBaak0VCfo5KcGfxh5VusIHb+YA/UnNINrtktALLzKqQPL95+hqf4OBJXuQ==
