# THIS IS AN AUTOGENERATED FILE. DO NOT EDIT THIS FILE DIRECTLY.
# yarn lockfile v1


"@babel/standalone@7.4.1":
  version "7.4.1"
  resolved "https://registry.yarnpkg.com/@babel/standalone/-/standalone-7.4.1.tgz#44c6d3ad6f3a7d65504f734ddf719ef27f9352fe"
  integrity sha512-kDtxw0hc0RhzqXK7ZT7UZ3tK6eh/YBJNJ2zihSSDq309tEM47Cf18+O9os3rbNviqoSFdfbqrO2e3WHEYAGf7w==
