# THIS IS AN AUTOGENERATED FILE. DO NOT EDIT THIS FILE DIRECTLY.
# yarn lockfile v1


"@babel/standalone@7.0.0":
  version "7.0.0"
  resolved "https://registry.yarnpkg.com/@babel/standalone/-/standalone-7.0.0.tgz#856446641620c1c5f0ca775621d478324ebd1f52"
  integrity sha512-pyHR3qTjlLWK+XGnsg6GWdprvb3jEl+NPWZ/KBRBN0hRSdyGt4ruxzTHFSN4ipI3ZEX570ndqaryLmTIMeyeKQ==
