# THIS IS AN AUTOGENERATED FILE. DO NOT EDIT THIS FILE DIRECTLY.
# yarn lockfile v1


"@babel/standalone@7.3.3":
  version "7.3.3"
  resolved "https://registry.yarnpkg.com/@babel/standalone/-/standalone-7.3.3.tgz#5e26bda0de6603fdc3acd5aae0f2a7dfa290403d"
  integrity sha512-3P73Tmn+lxy4sYP+d3cz8vkcbBoSczUoceSg2bjaT2k99UmO8tDPhNNeqWTc1r/q6jceiNcZ9t5xwhbF7sV9Cw==
