# THIS IS AN AUTOGENERATED FILE. DO NOT EDIT THIS FILE DIRECTLY.
# yarn lockfile v1


"@babel/standalone@7.3.0":
  version "7.3.0"
  resolved "https://registry.yarnpkg.com/@babel/standalone/-/standalone-7.3.0.tgz#5df728dafb8eea702a22b415a256794b8559cd4f"
  integrity sha512-JSDBbqXn2LSFG3f9gDTPI8i7iugwmlO00N0bzCsimI/SRtkpWbFzqJ5c3/31MF8zbOtZT2gW5lSXb1kl4/sggg==
