# THIS IS AN AUTOGENERATED FILE. DO NOT EDIT THIS FILE DIRECTLY.
# yarn lockfile v1


"@babel/standalone@7.3.1":
  version "7.3.1"
  resolved "https://registry.yarnpkg.com/@babel/standalone/-/standalone-7.3.1.tgz#5de5a857f6fb0e0258c024936c47158cee2bb095"
  integrity sha512-8InAwp1Ij4K5tzAnFRqHQ46C7kiuLK/IniVAtfHBHmCvvsdXz6rUxk9BhcOhcMdmo5yNDt0ki/cDg4tdBhaDFg==
