# THIS IS AN AUTOGENERATED FILE. DO NOT EDIT THIS FILE DIRECTLY.
# yarn lockfile v1


"@babel/standalone@7.3.2":
  version "7.3.2"
  resolved "https://registry.yarnpkg.com/@babel/standalone/-/standalone-7.3.2.tgz#0395f807a728201af306994f7cd27d1f3a671ff6"
  integrity sha512-fWnCIjn9vQfdTf7c7AEgpGdGml5THWVgclR7KwX2j/Qr91lMKbMb7jMShkfFf8H9GjrNNe2lvjjWu3YHBl7cKA==
