# THIS IS AN AUTOGENERATED FILE. DO NOT EDIT THIS FILE DIRECTLY.
# yarn lockfile v1


"@babel/standalone@7.5.4":
  version "7.5.4"
  resolved "https://registry.yarnpkg.com/@babel/standalone/-/standalone-7.5.4.tgz#c57221528619fcd2e8e2425f11d5d7cd79263b80"
  integrity sha512-BIEymdjzQC0QScjHYklFjrThVUnTqztmspXupRkVVkL9wSQqri9XnIK5GTBipF2eGL5HU4oPbGUCcURFFI8CjA==
