# THIS IS AN AUTOGENERATED FILE. DO NOT EDIT THIS FILE DIRECTLY.
# yarn lockfile v1


"@babel/standalone@7.5.3":
  version "7.5.3"
  resolved "https://registry.yarnpkg.com/@babel/standalone/-/standalone-7.5.3.tgz#0b7f39d8f08e5d4bba52800243bc7b121cf74c46"
  integrity sha512-q24MAlCenTw20rkCA7e6tRDoOZxCTaqSW/C0RcysCgEckjklsD7V7crfe2NQrSTI7jfYBYtRu75z94lvXLUDhw==
