# THIS IS AN AUTOGENERATED FILE. DO NOT EDIT THIS FILE DIRECTLY.
# yarn lockfile v1


"@babel/standalone@7.7.7":
  version "7.7.7"
  resolved "https://registry.yarnpkg.com/@babel/standalone/-/standalone-7.7.7.tgz#4ab48826641e696bcd3902236b4f7bbb4b611630"
  integrity sha512-nlhwSzfCVWFxIfY0wL1DJkHyyDbqHNTldCAaAljzPHJ/ppYziziSoM0HJn919e54uUxtO3AAdp8CWqOn8CON/w==
