# THIS IS AN AUTOGENERATED FILE. DO NOT EDIT THIS FILE DIRECTLY.
# yarn lockfile v1


"@babel/standalone@7.6.0":
  version "7.6.0"
  resolved "https://registry.yarnpkg.com/@babel/standalone/-/standalone-7.6.0.tgz#bcc226c38b9769e2a59cd88a6a7318181a173091"
  integrity sha512-bOZnW6amPLr2296mPl+cHCAG4GNo1NTmoi7cURzLtb08Er1nM9QpT6RecYR/UNlYOOvzUWUYlUTKrKJs9tpbcw==
